
Microsoft Visual Studio Solution File, Format Version 12.00
# Visual Studio 15
VisualStudioVersion = 15.0.28010.2050
MinimumVisualStudioVersion = 10.0.40219.1
Project("{8BC9CEB8-8B4A-11D0-8D11-00A0C91BC942}") = "MaxHeap", "MaxHeap\MaxHeap.vcxproj", "{E3654480-D999-40D0-9C3C-08614409353E}"
EndProject
Global
	GlobalSection(SolutionConfigurationPlatforms) = preSolution
		Debug|x64 = Debug|x64
		Debug|x86 = Debug|x86
		Release|x64 = Release|x64
		Release|x86 = Release|x86
	EndGlobalSection
	GlobalSection(ProjectConfigurationPlatforms) = postSolution
		{E3654480-D999-40D0-9C3C-08614409353E}.Debug|x64.ActiveCfg = Debug|x64
		{E3654480-D999-40D0-9C3C-08614409353E}.Debug|x64.Build.0 = Debug|x64
		{E3654480-D999-40D0-9C3C-08614409353E}.Debug|x86.ActiveCfg = Debug|Win32
		{E3654480-D999-40D0-9C3C-08614409353E}.Debug|x86.Build.0 = Debug|Win32
		{E3654480-D999-40D0-9C3C-08614409353E}.Release|x64.ActiveCfg = Release|x64
		{E3654480-D999-40D0-9C3C-08614409353E}.Release|x64.Build.0 = Release|x64
		{E3654480-D999-40D0-9C3C-08614409353E}.Release|x86.ActiveCfg = Release|Win32
		{E3654480-D999-40D0-9C3C-08614409353E}.Release|x86.Build.0 = Release|Win32
	EndGlobalSection
	GlobalSection(SolutionProperties) = preSolution
		HideSolutionNode = FALSE
	EndGlobalSection
	GlobalSection(ExtensibilityGlobals) = postSolution
		SolutionGuid = {441CFF56-C271-458A-AC99-3307544CDD1D}
	EndGlobalSection
EndGlobal
