
Microsoft Visual Studio Solution File, Format Version 12.00
# Visual Studio 15
VisualStudioVersion = 15.0.28010.2046
MinimumVisualStudioVersion = 10.0.40219.1
Project("{8BC9CEB8-8B4A-11D0-8D11-00A0C91BC942}") = "arithmeticExpression", "arithmeticExpression\arithmeticExpression.vcxproj", "{72530628-E4BB-4AD5-8D58-7FA387C85DE0}"
EndProject
Global
	GlobalSection(SolutionConfigurationPlatforms) = preSolution
		Debug|x64 = Debug|x64
		Debug|x86 = Debug|x86
		Release|x64 = Release|x64
		Release|x86 = Release|x86
	EndGlobalSection
	GlobalSection(ProjectConfigurationPlatforms) = postSolution
		{72530628-E4BB-4AD5-8D58-7FA387C85DE0}.Debug|x64.ActiveCfg = Debug|x64
		{72530628-E4BB-4AD5-8D58-7FA387C85DE0}.Debug|x64.Build.0 = Debug|x64
		{72530628-E4BB-4AD5-8D58-7FA387C85DE0}.Debug|x86.ActiveCfg = Debug|Win32
		{72530628-E4BB-4AD5-8D58-7FA387C85DE0}.Debug|x86.Build.0 = Debug|Win32
		{72530628-E4BB-4AD5-8D58-7FA387C85DE0}.Release|x64.ActiveCfg = Release|x64
		{72530628-E4BB-4AD5-8D58-7FA387C85DE0}.Release|x64.Build.0 = Release|x64
		{72530628-E4BB-4AD5-8D58-7FA387C85DE0}.Release|x86.ActiveCfg = Release|Win32
		{72530628-E4BB-4AD5-8D58-7FA387C85DE0}.Release|x86.Build.0 = Release|Win32
	EndGlobalSection
	GlobalSection(SolutionProperties) = preSolution
		HideSolutionNode = FALSE
	EndGlobalSection
	GlobalSection(ExtensibilityGlobals) = postSolution
		SolutionGuid = {F2C0AC00-D4BE-420F-826F-2F432347FCEA}
	EndGlobalSection
EndGlobal
